
Microsoft Visual Studio Solution File, Format Version 12.00
# Visual Studio 14
VisualStudioVersion = 14.0.25123.0
MinimumVisualStudioVersion = 10.0.40219.1
Project("{2150E333-8FDC-42A3-9474-1A3956D46DE8}") = "src", "src", "{8A038906-433E-4FFC-BA5F-E01077E81A98}"
EndProject
Project("{2150E333-8FDC-42A3-9474-1A3956D46DE8}") = "Solution Items", "Solution Items", "{AA70A4DF-C3B2-45C3-980A-7D5226E232E9}"
	ProjectSection(SolutionItems) = preProject
		global.json = global.json
	EndProjectSection
EndProject
Project("{8BB2217D-0F2D-49D1-97BC-3654ED321F3B}") = "PaulMiami.AspNetCore.Mvc.Recaptcha", "src\PaulMiami.AspNetCore.Mvc.Recaptcha\PaulMiami.AspNetCore.Mvc.Recaptcha.xproj", "{4D8C6E1D-34F8-4E50-AF57-24991161D283}"
EndProject
Project("{2150E333-8FDC-42A3-9474-1A3956D46DE8}") = "test", "test", "{DB9D6932-6074-40BF-BD93-8D3785EEC537}"
EndProject
Project("{8BB2217D-0F2D-49D1-97BC-3654ED321F3B}") = "PaulMiami.AspNetCore.Mvc.Recaptcha.Test", "test\PaulMiami.AspNetCore.Mvc.Recaptcha.Test\PaulMiami.AspNetCore.Mvc.Recaptcha.Test.xproj", "{811E2480-8B83-4F07-BC23-9F4AA4E546B8}"
EndProject
Global
	GlobalSection(SolutionConfigurationPlatforms) = preSolution
		Debug|Any CPU = Debug|Any CPU
		Release|Any CPU = Release|Any CPU
	EndGlobalSection
	GlobalSection(ProjectConfigurationPlatforms) = postSolution
		{4D8C6E1D-34F8-4E50-AF57-24991161D283}.Debug|Any CPU.ActiveCfg = Debug|Any CPU
		{4D8C6E1D-34F8-4E50-AF57-24991161D283}.Debug|Any CPU.Build.0 = Debug|Any CPU
		{4D8C6E1D-34F8-4E50-AF57-24991161D283}.Release|Any CPU.ActiveCfg = Release|Any CPU
		{4D8C6E1D-34F8-4E50-AF57-24991161D283}.Release|Any CPU.Build.0 = Release|Any CPU
		{811E2480-8B83-4F07-BC23-9F4AA4E546B8}.Debug|Any CPU.ActiveCfg = Debug|Any CPU
		{811E2480-8B83-4F07-BC23-9F4AA4E546B8}.Debug|Any CPU.Build.0 = Debug|Any CPU
		{811E2480-8B83-4F07-BC23-9F4AA4E546B8}.Release|Any CPU.ActiveCfg = Release|Any CPU
		{811E2480-8B83-4F07-BC23-9F4AA4E546B8}.Release|Any CPU.Build.0 = Release|Any CPU
	EndGlobalSection
	GlobalSection(SolutionProperties) = preSolution
		HideSolutionNode = FALSE
	EndGlobalSection
	GlobalSection(NestedProjects) = preSolution
		{4D8C6E1D-34F8-4E50-AF57-24991161D283} = {8A038906-433E-4FFC-BA5F-E01077E81A98}
		{811E2480-8B83-4F07-BC23-9F4AA4E546B8} = {DB9D6932-6074-40BF-BD93-8D3785EEC537}
	EndGlobalSection
EndGlobal
